
Microsoft Visual Studio Solution File, Format Version 12.00
# Visual Studio Version 17
VisualStudioVersion = 17.6.33829.357
MinimumVisualStudioVersion = 10.0.40219.1
Project("{FAE04EC0-301F-11D3-BF4B-00C04F79EFBC}") = "SMORemover", "SMORemover.csproj", "{DD6E902A-747F-4F26-BDAB-45DC702342F2}"
EndProject
Global
	GlobalSection(SolutionConfigurationPlatforms) = preSolution
		Debug|Any CPU = Debug|Any CPU
		Release|Any CPU = Release|Any CPU
	EndGlobalSection
	GlobalSection(ProjectConfigurationPlatforms) = postSolution
		{DD6E902A-747F-4F26-BDAB-45DC702342F2}.Debug|Any CPU.ActiveCfg = Debug|Any CPU
		{DD6E902A-747F-4F26-BDAB-45DC702342F2}.Debug|Any CPU.Build.0 = Debug|Any CPU
		{DD6E902A-747F-4F26-BDAB-45DC702342F2}.Release|Any CPU.ActiveCfg = Release|Any CPU
		{DD6E902A-747F-4F26-BDAB-45DC702342F2}.Release|Any CPU.Build.0 = Release|Any CPU
	EndGlobalSection
	GlobalSection(SolutionProperties) = preSolution
		HideSolutionNode = FALSE
	EndGlobalSection
	GlobalSection(ExtensibilityGlobals) = postSolution
		SolutionGuid = {564C874E-6E20-4424-B7D3-4056D154508F}
	EndGlobalSection
EndGlobal
